
Microsoft Visual Studio Solution File, Format Version 12.00
# Visual Studio Version 17
VisualStudioVersion = 17.5.33516.290
MinimumVisualStudioVersion = 10.0.40219.1
Project("{FAE04EC0-301F-11D3-BF4B-00C04F79EFBC}") = "BlazorPortfolio", "BlazorPortfolio\BlazorPortfolio.csproj", "{66A2CE59-0AAC-4CE3-8441-DC003EF46600}"
EndProject
Global
	GlobalSection(SolutionConfigurationPlatforms) = preSolution
		Debug|Any CPU = Debug|Any CPU
		Release|Any CPU = Release|Any CPU
	EndGlobalSection
	GlobalSection(ProjectConfigurationPlatforms) = postSolution
		{66A2CE59-0AAC-4CE3-8441-DC003EF46600}.Debug|Any CPU.ActiveCfg = Debug|Any CPU
		{66A2CE59-0AAC-4CE3-8441-DC003EF46600}.Debug|Any CPU.Build.0 = Debug|Any CPU
		{66A2CE59-0AAC-4CE3-8441-DC003EF46600}.Release|Any CPU.ActiveCfg = Release|Any CPU
		{66A2CE59-0AAC-4CE3-8441-DC003EF46600}.Release|Any CPU.Build.0 = Release|Any CPU
	EndGlobalSection
	GlobalSection(SolutionProperties) = preSolution
		HideSolutionNode = FALSE
	EndGlobalSection
	GlobalSection(ExtensibilityGlobals) = postSolution
		SolutionGuid = {F025A61D-0503-4A50-B035-9142D49CD64B}
	EndGlobalSection
EndGlobal
